
Microsoft Visual Studio Solution File, Format Version 12.00
# Visual Studio Version 17
VisualStudioVersion = 17.4.33213.308
MinimumVisualStudioVersion = 10.0.40219.1
Project("{FAE04EC0-301F-11D3-BF4B-00C04F79EFBC}") = "PhantomVmUi", "PhantomVmUi\PhantomVmUi.csproj", "{EA506528-D15D-48CE-BA68-C8AF2C78FA04}"
EndProject
Global
	GlobalSection(SolutionConfigurationPlatforms) = preSolution
		Debug|Any CPU = Debug|Any CPU
		Release|Any CPU = Release|Any CPU
	EndGlobalSection
	GlobalSection(ProjectConfigurationPlatforms) = postSolution
		{EA506528-D15D-48CE-BA68-C8AF2C78FA04}.Debug|Any CPU.ActiveCfg = Debug|Any CPU
		{EA506528-D15D-48CE-BA68-C8AF2C78FA04}.Debug|Any CPU.Build.0 = Debug|Any CPU
		{EA506528-D15D-48CE-BA68-C8AF2C78FA04}.Release|Any CPU.ActiveCfg = Release|Any CPU
		{EA506528-D15D-48CE-BA68-C8AF2C78FA04}.Release|Any CPU.Build.0 = Release|Any CPU
	EndGlobalSection
	GlobalSection(SolutionProperties) = preSolution
		HideSolutionNode = FALSE
	EndGlobalSection
	GlobalSection(ExtensibilityGlobals) = postSolution
		SolutionGuid = {70B97017-52DF-4F37-9A07-3F04D219F69C}
	EndGlobalSection
EndGlobal
